
Microsoft Visual Studio Solution File, Format Version 12.00
# Visual Studio Version 17
VisualStudioVersion = 17.1.32414.318
MinimumVisualStudioVersion = 10.0.40219.1
Project("{FAE04EC0-301F-11D3-BF4B-00C04F79EFBC}") = "VehicleRegistrationSystem", "VehicleRegistrationSystem\VehicleRegistrationSystem.csproj", "{52D58390-CBB9-48E7-AE35-DAF2E307CFBD}"
EndProject
Global
	GlobalSection(SolutionConfigurationPlatforms) = preSolution
		Debug|Any CPU = Debug|Any CPU
		Release|Any CPU = Release|Any CPU
	EndGlobalSection
	GlobalSection(ProjectConfigurationPlatforms) = postSolution
		{52D58390-CBB9-48E7-AE35-DAF2E307CFBD}.Debug|Any CPU.ActiveCfg = Debug|Any CPU
		{52D58390-CBB9-48E7-AE35-DAF2E307CFBD}.Debug|Any CPU.Build.0 = Debug|Any CPU
		{52D58390-CBB9-48E7-AE35-DAF2E307CFBD}.Release|Any CPU.ActiveCfg = Release|Any CPU
		{52D58390-CBB9-48E7-AE35-DAF2E307CFBD}.Release|Any CPU.Build.0 = Release|Any CPU
	EndGlobalSection
	GlobalSection(SolutionProperties) = preSolution
		HideSolutionNode = FALSE
	EndGlobalSection
	GlobalSection(ExtensibilityGlobals) = postSolution
		SolutionGuid = {E5918C25-DBEF-428E-A114-65E47C3476B7}
	EndGlobalSection
EndGlobal
